
Microsoft Visual Studio Solution File, Format Version 12.00
# Visual Studio Version 17
VisualStudioVersion = 17.3.32922.545
MinimumVisualStudioVersion = 10.0.40219.1
Project("{FAE04EC0-301F-11D3-BF4B-00C04F79EFBC}") = "Lab.Demo.EF.UI", "Lab.Demo.EF.UI\Lab.Demo.EF.UI.csproj", "{5A8D2A87-AAC6-4E5D-8135-F27420BBACA3}"
EndProject
Project("{FAE04EC0-301F-11D3-BF4B-00C04F79EFBC}") = "Lab.Demo.EF.Logic", "Lab.Demo.EF.Logic\Lab.Demo.EF.Logic.csproj", "{699AAF45-A34D-4603-AC68-4EEAD1FEC849}"
EndProject
Project("{FAE04EC0-301F-11D3-BF4B-00C04F79EFBC}") = "Lab.Demo.EF.Data", "Lab.Demo.EF.Data\Lab.Demo.EF.Data.csproj", "{BFD7BA79-C08A-4167-956D-448B62614BBF}"
EndProject
Project("{FAE04EC0-301F-11D3-BF4B-00C04F79EFBC}") = "Lab.Demo.EF.Entities", "Lab.Demo.EF.Entities\Lab.Demo.EF.Entities.csproj", "{DDCE000B-E79D-4D98-88D5-DC9B64B73BC8}"
EndProject
Project("{FAE04EC0-301F-11D3-BF4B-00C04F79EFBC}") = "Lab.Demo.EF.Test", "Test\Lab.Demo.EF.Test.csproj", "{F66071A7-F4A3-4017-AE33-6AC22FABC2F4}"
EndProject
Global
	GlobalSection(SolutionConfigurationPlatforms) = preSolution
		Debug|Any CPU = Debug|Any CPU
		Release|Any CPU = Release|Any CPU
	EndGlobalSection
	GlobalSection(ProjectConfigurationPlatforms) = postSolution
		{5A8D2A87-AAC6-4E5D-8135-F27420BBACA3}.Debug|Any CPU.ActiveCfg = Debug|Any CPU
		{5A8D2A87-AAC6-4E5D-8135-F27420BBACA3}.Debug|Any CPU.Build.0 = Debug|Any CPU
		{5A8D2A87-AAC6-4E5D-8135-F27420BBACA3}.Release|Any CPU.ActiveCfg = Release|Any CPU
		{5A8D2A87-AAC6-4E5D-8135-F27420BBACA3}.Release|Any CPU.Build.0 = Release|Any CPU
		{699AAF45-A34D-4603-AC68-4EEAD1FEC849}.Debug|Any CPU.ActiveCfg = Debug|Any CPU
		{699AAF45-A34D-4603-AC68-4EEAD1FEC849}.Debug|Any CPU.Build.0 = Debug|Any CPU
		{699AAF45-A34D-4603-AC68-4EEAD1FEC849}.Release|Any CPU.ActiveCfg = Release|Any CPU
		{699AAF45-A34D-4603-AC68-4EEAD1FEC849}.Release|Any CPU.Build.0 = Release|Any CPU
		{BFD7BA79-C08A-4167-956D-448B62614BBF}.Debug|Any CPU.ActiveCfg = Debug|Any CPU
		{BFD7BA79-C08A-4167-956D-448B62614BBF}.Debug|Any CPU.Build.0 = Debug|Any CPU
		{BFD7BA79-C08A-4167-956D-448B62614BBF}.Release|Any CPU.ActiveCfg = Release|Any CPU
		{BFD7BA79-C08A-4167-956D-448B62614BBF}.Release|Any CPU.Build.0 = Release|Any CPU
		{DDCE000B-E79D-4D98-88D5-DC9B64B73BC8}.Debug|Any CPU.ActiveCfg = Debug|Any CPU
		{DDCE000B-E79D-4D98-88D5-DC9B64B73BC8}.Debug|Any CPU.Build.0 = Debug|Any CPU
		{DDCE000B-E79D-4D98-88D5-DC9B64B73BC8}.Release|Any CPU.ActiveCfg = Release|Any CPU
		{DDCE000B-E79D-4D98-88D5-DC9B64B73BC8}.Release|Any CPU.Build.0 = Release|Any CPU
		{F66071A7-F4A3-4017-AE33-6AC22FABC2F4}.Debug|Any CPU.ActiveCfg = Debug|Any CPU
		{F66071A7-F4A3-4017-AE33-6AC22FABC2F4}.Debug|Any CPU.Build.0 = Debug|Any CPU
		{F66071A7-F4A3-4017-AE33-6AC22FABC2F4}.Release|Any CPU.ActiveCfg = Release|Any CPU
		{F66071A7-F4A3-4017-AE33-6AC22FABC2F4}.Release|Any CPU.Build.0 = Release|Any CPU
	EndGlobalSection
	GlobalSection(SolutionProperties) = preSolution
		HideSolutionNode = FALSE
	EndGlobalSection
	GlobalSection(ExtensibilityGlobals) = postSolution
		SolutionGuid = {BBEC51F6-26F2-4FC9-ABE0-DEEA2FB08BA6}
	EndGlobalSection
EndGlobal
